
Microsoft Visual Studio Solution File, Format Version 12.00
# Visual Studio Version 16
VisualStudioVersion = 16.0.31129.286
MinimumVisualStudioVersion = 10.0.40219.1
Project("{FAE04EC0-301F-11D3-BF4B-00C04F79EFBC}") = "Day5Practice1", "Day5Practice1\Day5Practice1.csproj", "{9BBE9515-B2D5-4E05-94AF-537BBAAA51BD}"
EndProject
Global
	GlobalSection(SolutionConfigurationPlatforms) = preSolution
		Debug|Any CPU = Debug|Any CPU
		Release|Any CPU = Release|Any CPU
	EndGlobalSection
	GlobalSection(ProjectConfigurationPlatforms) = postSolution
		{9BBE9515-B2D5-4E05-94AF-537BBAAA51BD}.Debug|Any CPU.ActiveCfg = Debug|Any CPU
		{9BBE9515-B2D5-4E05-94AF-537BBAAA51BD}.Debug|Any CPU.Build.0 = Debug|Any CPU
		{9BBE9515-B2D5-4E05-94AF-537BBAAA51BD}.Release|Any CPU.ActiveCfg = Release|Any CPU
		{9BBE9515-B2D5-4E05-94AF-537BBAAA51BD}.Release|Any CPU.Build.0 = Release|Any CPU
	EndGlobalSection
	GlobalSection(SolutionProperties) = preSolution
		HideSolutionNode = FALSE
	EndGlobalSection
	GlobalSection(ExtensibilityGlobals) = postSolution
		SolutionGuid = {2C778355-4642-4333-A60E-BB683B9EEF12}
	EndGlobalSection
EndGlobal
