
Microsoft Visual Studio Solution File, Format Version 12.00
# Visual Studio Version 16
VisualStudioVersion = 16.0.31129.286
MinimumVisualStudioVersion = 10.0.40219.1
Project("{FAE04EC0-301F-11D3-BF4B-00C04F79EFBC}") = "EndSum", "EndSum\EndSum.csproj", "{E61A5B0A-4D9F-4F24-A53A-E3D116812C15}"
EndProject
Global
	GlobalSection(SolutionConfigurationPlatforms) = preSolution
		Debug|Any CPU = Debug|Any CPU
		Release|Any CPU = Release|Any CPU
	EndGlobalSection
	GlobalSection(ProjectConfigurationPlatforms) = postSolution
		{E61A5B0A-4D9F-4F24-A53A-E3D116812C15}.Debug|Any CPU.ActiveCfg = Debug|Any CPU
		{E61A5B0A-4D9F-4F24-A53A-E3D116812C15}.Debug|Any CPU.Build.0 = Debug|Any CPU
		{E61A5B0A-4D9F-4F24-A53A-E3D116812C15}.Release|Any CPU.ActiveCfg = Release|Any CPU
		{E61A5B0A-4D9F-4F24-A53A-E3D116812C15}.Release|Any CPU.Build.0 = Release|Any CPU
	EndGlobalSection
	GlobalSection(SolutionProperties) = preSolution
		HideSolutionNode = FALSE
	EndGlobalSection
	GlobalSection(ExtensibilityGlobals) = postSolution
		SolutionGuid = {AAEA879F-D3A5-48BE-B059-618D104794A3}
	EndGlobalSection
EndGlobal
