
Microsoft Visual Studio Solution File, Format Version 12.00
# Visual Studio Version 16
VisualStudioVersion = 16.0.31129.286
MinimumVisualStudioVersion = 10.0.40219.1
Project("{FAE04EC0-301F-11D3-BF4B-00C04F79EFBC}") = "CrudAngular", "CrudAngular\CrudAngular.csproj", "{1C13004D-4FA7-45B5-9F2B-3E19FE18B539}"
EndProject
Global
	GlobalSection(SolutionConfigurationPlatforms) = preSolution
		Debug|Any CPU = Debug|Any CPU
		Release|Any CPU = Release|Any CPU
	EndGlobalSection
	GlobalSection(ProjectConfigurationPlatforms) = postSolution
		{1C13004D-4FA7-45B5-9F2B-3E19FE18B539}.Debug|Any CPU.ActiveCfg = Debug|Any CPU
		{1C13004D-4FA7-45B5-9F2B-3E19FE18B539}.Debug|Any CPU.Build.0 = Debug|Any CPU
		{1C13004D-4FA7-45B5-9F2B-3E19FE18B539}.Release|Any CPU.ActiveCfg = Release|Any CPU
		{1C13004D-4FA7-45B5-9F2B-3E19FE18B539}.Release|Any CPU.Build.0 = Release|Any CPU
	EndGlobalSection
	GlobalSection(SolutionProperties) = preSolution
		HideSolutionNode = FALSE
	EndGlobalSection
	GlobalSection(ExtensibilityGlobals) = postSolution
		SolutionGuid = {F62D0D92-3FB5-4193-B31D-42657DCE6F50}
	EndGlobalSection
EndGlobal
