
Microsoft Visual Studio Solution File, Format Version 12.00
# Visual Studio Version 16
VisualStudioVersion = 16.0.31129.286
MinimumVisualStudioVersion = 10.0.40219.1
Project("{FAE04EC0-301F-11D3-BF4B-00C04F79EFBC}") = "WeekDay", "WeekDay\WeekDay.csproj", "{E5AADE9E-721C-4311-9DB9-3174C0E5D348}"
EndProject
Global
	GlobalSection(SolutionConfigurationPlatforms) = preSolution
		Debug|Any CPU = Debug|Any CPU
		Release|Any CPU = Release|Any CPU
	EndGlobalSection
	GlobalSection(ProjectConfigurationPlatforms) = postSolution
		{E5AADE9E-721C-4311-9DB9-3174C0E5D348}.Debug|Any CPU.ActiveCfg = Debug|Any CPU
		{E5AADE9E-721C-4311-9DB9-3174C0E5D348}.Debug|Any CPU.Build.0 = Debug|Any CPU
		{E5AADE9E-721C-4311-9DB9-3174C0E5D348}.Release|Any CPU.ActiveCfg = Release|Any CPU
		{E5AADE9E-721C-4311-9DB9-3174C0E5D348}.Release|Any CPU.Build.0 = Release|Any CPU
	EndGlobalSection
	GlobalSection(SolutionProperties) = preSolution
		HideSolutionNode = FALSE
	EndGlobalSection
	GlobalSection(ExtensibilityGlobals) = postSolution
		SolutionGuid = {09D4C2EF-6468-49F8-AA19-2FA14F7B4F1E}
	EndGlobalSection
EndGlobal
