
Microsoft Visual Studio Solution File, Format Version 12.00
# Visual Studio Version 16
VisualStudioVersion = 16.0.31129.286
MinimumVisualStudioVersion = 10.0.40219.1
Project("{9A19103F-16F7-4668-BE54-9A1E7A4F7556}") = "CineseSign", "CineseSign\CineseSign.csproj", "{6A8B4427-3E30-45EE-AFBC-7E93F71E134D}"
EndProject
Project("{9A19103F-16F7-4668-BE54-9A1E7A4F7556}") = "ZodiacChinese", "ZodiacChinese\ZodiacChinese.csproj", "{C3EC535A-BBCA-4FD9-91BB-D50A653CB5A5}"
EndProject
Project("{FAE04EC0-301F-11D3-BF4B-00C04F79EFBC}") = "practiceDay2", "..\..\Practice\practiceDay2\practiceDay2.csproj", "{EFA75AD4-FBD6-4326-820A-CD3B37B1450B}"
EndProject
Project("{FAE04EC0-301F-11D3-BF4B-00C04F79EFBC}") = "ClassCalculatorLibrary1", "..\..\Practice\ClassCalculatorLibrary1\ClassCalculatorLibrary1.csproj", "{D786F0C7-338D-4462-A2A1-D0ABEF538A27}"
EndProject
Global
	GlobalSection(SolutionConfigurationPlatforms) = preSolution
		Debug|Any CPU = Debug|Any CPU
		Release|Any CPU = Release|Any CPU
	EndGlobalSection
	GlobalSection(ProjectConfigurationPlatforms) = postSolution
		{6A8B4427-3E30-45EE-AFBC-7E93F71E134D}.Debug|Any CPU.ActiveCfg = Debug|Any CPU
		{6A8B4427-3E30-45EE-AFBC-7E93F71E134D}.Debug|Any CPU.Build.0 = Debug|Any CPU
		{6A8B4427-3E30-45EE-AFBC-7E93F71E134D}.Release|Any CPU.ActiveCfg = Release|Any CPU
		{6A8B4427-3E30-45EE-AFBC-7E93F71E134D}.Release|Any CPU.Build.0 = Release|Any CPU
		{C3EC535A-BBCA-4FD9-91BB-D50A653CB5A5}.Debug|Any CPU.ActiveCfg = Debug|Any CPU
		{C3EC535A-BBCA-4FD9-91BB-D50A653CB5A5}.Debug|Any CPU.Build.0 = Debug|Any CPU
		{C3EC535A-BBCA-4FD9-91BB-D50A653CB5A5}.Release|Any CPU.ActiveCfg = Release|Any CPU
		{C3EC535A-BBCA-4FD9-91BB-D50A653CB5A5}.Release|Any CPU.Build.0 = Release|Any CPU
		{EFA75AD4-FBD6-4326-820A-CD3B37B1450B}.Debug|Any CPU.ActiveCfg = Debug|Any CPU
		{EFA75AD4-FBD6-4326-820A-CD3B37B1450B}.Debug|Any CPU.Build.0 = Debug|Any CPU
		{EFA75AD4-FBD6-4326-820A-CD3B37B1450B}.Release|Any CPU.ActiveCfg = Release|Any CPU
		{EFA75AD4-FBD6-4326-820A-CD3B37B1450B}.Release|Any CPU.Build.0 = Release|Any CPU
		{D786F0C7-338D-4462-A2A1-D0ABEF538A27}.Debug|Any CPU.ActiveCfg = Debug|Any CPU
		{D786F0C7-338D-4462-A2A1-D0ABEF538A27}.Debug|Any CPU.Build.0 = Debug|Any CPU
		{D786F0C7-338D-4462-A2A1-D0ABEF538A27}.Release|Any CPU.ActiveCfg = Release|Any CPU
		{D786F0C7-338D-4462-A2A1-D0ABEF538A27}.Release|Any CPU.Build.0 = Release|Any CPU
	EndGlobalSection
	GlobalSection(SolutionProperties) = preSolution
		HideSolutionNode = FALSE
	EndGlobalSection
	GlobalSection(ExtensibilityGlobals) = postSolution
		SolutionGuid = {93131A82-A33C-44CD-B6CC-F334F1BCE4B9}
	EndGlobalSection
EndGlobal
