
Microsoft Visual Studio Solution File, Format Version 12.00
# Visual Studio Version 16
VisualStudioVersion = 16.0.31129.286
MinimumVisualStudioVersion = 10.0.40219.1
Project("{FAE04EC0-301F-11D3-BF4B-00C04F79EFBC}") = "EFCoreCodeFirstDemo", "EFCoreCodeFirstDemo\EFCoreCodeFirstDemo.csproj", "{711FAE54-3027-4D73-8533-09711EB37C93}"
EndProject
Global
	GlobalSection(SolutionConfigurationPlatforms) = preSolution
		Debug|Any CPU = Debug|Any CPU
		Release|Any CPU = Release|Any CPU
	EndGlobalSection
	GlobalSection(ProjectConfigurationPlatforms) = postSolution
		{711FAE54-3027-4D73-8533-09711EB37C93}.Debug|Any CPU.ActiveCfg = Debug|Any CPU
		{711FAE54-3027-4D73-8533-09711EB37C93}.Debug|Any CPU.Build.0 = Debug|Any CPU
		{711FAE54-3027-4D73-8533-09711EB37C93}.Release|Any CPU.ActiveCfg = Release|Any CPU
		{711FAE54-3027-4D73-8533-09711EB37C93}.Release|Any CPU.Build.0 = Release|Any CPU
	EndGlobalSection
	GlobalSection(SolutionProperties) = preSolution
		HideSolutionNode = FALSE
	EndGlobalSection
	GlobalSection(ExtensibilityGlobals) = postSolution
		SolutionGuid = {A2FF856B-165A-4B1B-866E-E67CD0B5413B}
	EndGlobalSection
EndGlobal
