
Microsoft Visual Studio Solution File, Format Version 12.00
# Visual Studio Version 16
VisualStudioVersion = 16.0.31129.286
MinimumVisualStudioVersion = 10.0.40219.1
Project("{FAE04EC0-301F-11D3-BF4B-00C04F79EFBC}") = "day3Practice", "day3Practice\day3Practice.csproj", "{DE23E751-ADE7-432B-904C-89B392ABF1DC}"
EndProject
Global
	GlobalSection(SolutionConfigurationPlatforms) = preSolution
		Debug|Any CPU = Debug|Any CPU
		Release|Any CPU = Release|Any CPU
	EndGlobalSection
	GlobalSection(ProjectConfigurationPlatforms) = postSolution
		{DE23E751-ADE7-432B-904C-89B392ABF1DC}.Debug|Any CPU.ActiveCfg = Debug|Any CPU
		{DE23E751-ADE7-432B-904C-89B392ABF1DC}.Debug|Any CPU.Build.0 = Debug|Any CPU
		{DE23E751-ADE7-432B-904C-89B392ABF1DC}.Release|Any CPU.ActiveCfg = Release|Any CPU
		{DE23E751-ADE7-432B-904C-89B392ABF1DC}.Release|Any CPU.Build.0 = Release|Any CPU
	EndGlobalSection
	GlobalSection(SolutionProperties) = preSolution
		HideSolutionNode = FALSE
	EndGlobalSection
	GlobalSection(ExtensibilityGlobals) = postSolution
		SolutionGuid = {B4EF44BC-55CD-467D-98E7-7295BD94A3A0}
	EndGlobalSection
EndGlobal
