
Microsoft Visual Studio Solution File, Format Version 12.00
# Visual Studio Version 16
VisualStudioVersion = 16.0.31129.286
MinimumVisualStudioVersion = 10.0.40219.1
Project("{FAE04EC0-301F-11D3-BF4B-00C04F79EFBC}") = "DelegateDemo", "DelegateDemo\DelegateDemo.csproj", "{5B201C78-B44E-4F71-8FF2-0397A1D62A0D}"
EndProject
Global
	GlobalSection(SolutionConfigurationPlatforms) = preSolution
		Debug|Any CPU = Debug|Any CPU
		Release|Any CPU = Release|Any CPU
	EndGlobalSection
	GlobalSection(ProjectConfigurationPlatforms) = postSolution
		{5B201C78-B44E-4F71-8FF2-0397A1D62A0D}.Debug|Any CPU.ActiveCfg = Debug|Any CPU
		{5B201C78-B44E-4F71-8FF2-0397A1D62A0D}.Debug|Any CPU.Build.0 = Debug|Any CPU
		{5B201C78-B44E-4F71-8FF2-0397A1D62A0D}.Release|Any CPU.ActiveCfg = Release|Any CPU
		{5B201C78-B44E-4F71-8FF2-0397A1D62A0D}.Release|Any CPU.Build.0 = Release|Any CPU
	EndGlobalSection
	GlobalSection(SolutionProperties) = preSolution
		HideSolutionNode = FALSE
	EndGlobalSection
	GlobalSection(ExtensibilityGlobals) = postSolution
		SolutionGuid = {A827FB68-D70C-4892-895E-02AEB2E615BD}
	EndGlobalSection
EndGlobal
