
Microsoft Visual Studio Solution File, Format Version 12.00
# Visual Studio Version 16
VisualStudioVersion = 16.0.31129.286
MinimumVisualStudioVersion = 10.0.40219.1
Project("{FAE04EC0-301F-11D3-BF4B-00C04F79EFBC}") = "Calculator", "Calculator\Calculator.csproj", "{D47AD4E0-EB91-4CE3-AEE1-2E76A4163699}"
EndProject
Global
	GlobalSection(SolutionConfigurationPlatforms) = preSolution
		Debug|Any CPU = Debug|Any CPU
		Release|Any CPU = Release|Any CPU
	EndGlobalSection
	GlobalSection(ProjectConfigurationPlatforms) = postSolution
		{D47AD4E0-EB91-4CE3-AEE1-2E76A4163699}.Debug|Any CPU.ActiveCfg = Debug|Any CPU
		{D47AD4E0-EB91-4CE3-AEE1-2E76A4163699}.Debug|Any CPU.Build.0 = Debug|Any CPU
		{D47AD4E0-EB91-4CE3-AEE1-2E76A4163699}.Release|Any CPU.ActiveCfg = Release|Any CPU
		{D47AD4E0-EB91-4CE3-AEE1-2E76A4163699}.Release|Any CPU.Build.0 = Release|Any CPU
	EndGlobalSection
	GlobalSection(SolutionProperties) = preSolution
		HideSolutionNode = FALSE
	EndGlobalSection
	GlobalSection(ExtensibilityGlobals) = postSolution
		SolutionGuid = {3781EEC9-B9F6-466E-A959-33DC0A8CEC2B}
	EndGlobalSection
EndGlobal
