
Microsoft Visual Studio Solution File, Format Version 12.00
# Visual Studio Version 16
VisualStudioVersion = 16.0.31129.286
MinimumVisualStudioVersion = 10.0.40219.1
Project("{FAE04EC0-301F-11D3-BF4B-00C04F79EFBC}") = "day3Assign", "day3Assign\day3Assign.csproj", "{4C3938AE-E68C-4DE9-9066-3E525708C50E}"
EndProject
Global
	GlobalSection(SolutionConfigurationPlatforms) = preSolution
		Debug|Any CPU = Debug|Any CPU
		Release|Any CPU = Release|Any CPU
	EndGlobalSection
	GlobalSection(ProjectConfigurationPlatforms) = postSolution
		{4C3938AE-E68C-4DE9-9066-3E525708C50E}.Debug|Any CPU.ActiveCfg = Debug|Any CPU
		{4C3938AE-E68C-4DE9-9066-3E525708C50E}.Debug|Any CPU.Build.0 = Debug|Any CPU
		{4C3938AE-E68C-4DE9-9066-3E525708C50E}.Release|Any CPU.ActiveCfg = Release|Any CPU
		{4C3938AE-E68C-4DE9-9066-3E525708C50E}.Release|Any CPU.Build.0 = Release|Any CPU
	EndGlobalSection
	GlobalSection(SolutionProperties) = preSolution
		HideSolutionNode = FALSE
	EndGlobalSection
	GlobalSection(ExtensibilityGlobals) = postSolution
		SolutionGuid = {9A0D1198-1A05-4D99-9EA7-030749D3873F}
	EndGlobalSection
EndGlobal
