
Microsoft Visual Studio Solution File, Format Version 12.00
# Visual Studio Version 16
VisualStudioVersion = 16.0.31129.286
MinimumVisualStudioVersion = 10.0.40219.1
Project("{9A19103F-16F7-4668-BE54-9A1E7A4F7556}") = "LinqDemo", "LinqDemo\LinqDemo.csproj", "{9D9CAF31-865E-4732-91CC-2799A967FAF4}"
EndProject
Project("{FAE04EC0-301F-11D3-BF4B-00C04F79EFBC}") = "LinqPractice", "LinqPractice\LinqPractice.csproj", "{DE9B7F27-A96A-49E4-862D-B20FFB463450}"
EndProject
Global
	GlobalSection(SolutionConfigurationPlatforms) = preSolution
		Debug|Any CPU = Debug|Any CPU
		Release|Any CPU = Release|Any CPU
	EndGlobalSection
	GlobalSection(ProjectConfigurationPlatforms) = postSolution
		{9D9CAF31-865E-4732-91CC-2799A967FAF4}.Debug|Any CPU.ActiveCfg = Debug|Any CPU
		{9D9CAF31-865E-4732-91CC-2799A967FAF4}.Debug|Any CPU.Build.0 = Debug|Any CPU
		{9D9CAF31-865E-4732-91CC-2799A967FAF4}.Release|Any CPU.ActiveCfg = Release|Any CPU
		{9D9CAF31-865E-4732-91CC-2799A967FAF4}.Release|Any CPU.Build.0 = Release|Any CPU
		{DE9B7F27-A96A-49E4-862D-B20FFB463450}.Debug|Any CPU.ActiveCfg = Debug|Any CPU
		{DE9B7F27-A96A-49E4-862D-B20FFB463450}.Debug|Any CPU.Build.0 = Debug|Any CPU
		{DE9B7F27-A96A-49E4-862D-B20FFB463450}.Release|Any CPU.ActiveCfg = Release|Any CPU
		{DE9B7F27-A96A-49E4-862D-B20FFB463450}.Release|Any CPU.Build.0 = Release|Any CPU
	EndGlobalSection
	GlobalSection(SolutionProperties) = preSolution
		HideSolutionNode = FALSE
	EndGlobalSection
	GlobalSection(ExtensibilityGlobals) = postSolution
		SolutionGuid = {18F18F9B-98AA-4F3A-B8A5-743901FBE67E}
	EndGlobalSection
EndGlobal
