
Microsoft Visual Studio Solution File, Format Version 12.00
# Visual Studio Version 16
VisualStudioVersion = 16.0.31129.286
MinimumVisualStudioVersion = 10.0.40219.1
Project("{FAE04EC0-301F-11D3-BF4B-00C04F79EFBC}") = "day15Assignment", "day15Assignment\day15Assignment.csproj", "{0AF681C9-584E-4AE2-B865-E473882B51EE}"
EndProject
Global
	GlobalSection(SolutionConfigurationPlatforms) = preSolution
		Debug|Any CPU = Debug|Any CPU
		Release|Any CPU = Release|Any CPU
	EndGlobalSection
	GlobalSection(ProjectConfigurationPlatforms) = postSolution
		{0AF681C9-584E-4AE2-B865-E473882B51EE}.Debug|Any CPU.ActiveCfg = Debug|Any CPU
		{0AF681C9-584E-4AE2-B865-E473882B51EE}.Debug|Any CPU.Build.0 = Debug|Any CPU
		{0AF681C9-584E-4AE2-B865-E473882B51EE}.Release|Any CPU.ActiveCfg = Release|Any CPU
		{0AF681C9-584E-4AE2-B865-E473882B51EE}.Release|Any CPU.Build.0 = Release|Any CPU
	EndGlobalSection
	GlobalSection(SolutionProperties) = preSolution
		HideSolutionNode = FALSE
	EndGlobalSection
	GlobalSection(ExtensibilityGlobals) = postSolution
		SolutionGuid = {8A7BE00D-4FF2-43F0-93C6-2C187B1AA3CC}
	EndGlobalSection
EndGlobal
