
Microsoft Visual Studio Solution File, Format Version 12.00
# Visual Studio Version 16
VisualStudioVersion = 16.0.31129.286
MinimumVisualStudioVersion = 10.0.40219.1
Project("{FAE04EC0-301F-11D3-BF4B-00C04F79EFBC}") = "AssignmentDay5", "AssignmentDay5\AssignmentDay5.csproj", "{153B1F62-37C3-47BA-A221-F4072A19C751}"
EndProject
Global
	GlobalSection(SolutionConfigurationPlatforms) = preSolution
		Debug|Any CPU = Debug|Any CPU
		Release|Any CPU = Release|Any CPU
	EndGlobalSection
	GlobalSection(ProjectConfigurationPlatforms) = postSolution
		{153B1F62-37C3-47BA-A221-F4072A19C751}.Debug|Any CPU.ActiveCfg = Debug|Any CPU
		{153B1F62-37C3-47BA-A221-F4072A19C751}.Debug|Any CPU.Build.0 = Debug|Any CPU
		{153B1F62-37C3-47BA-A221-F4072A19C751}.Release|Any CPU.ActiveCfg = Release|Any CPU
		{153B1F62-37C3-47BA-A221-F4072A19C751}.Release|Any CPU.Build.0 = Release|Any CPU
	EndGlobalSection
	GlobalSection(SolutionProperties) = preSolution
		HideSolutionNode = FALSE
	EndGlobalSection
	GlobalSection(ExtensibilityGlobals) = postSolution
		SolutionGuid = {EBA56F3E-FC80-4555-9030-D8180B900A10}
	EndGlobalSection
EndGlobal
