
Microsoft Visual Studio Solution File, Format Version 12.00
# Visual Studio Version 16
VisualStudioVersion = 16.0.31129.286
MinimumVisualStudioVersion = 10.0.40219.1
Project("{FAE04EC0-301F-11D3-BF4B-00C04F79EFBC}") = "practiceDay9", "practiceDay9\practiceDay9.csproj", "{BAD55A2F-322C-4989-9404-439F2C37B6D0}"
EndProject
Global
	GlobalSection(SolutionConfigurationPlatforms) = preSolution
		Debug|Any CPU = Debug|Any CPU
		Release|Any CPU = Release|Any CPU
	EndGlobalSection
	GlobalSection(ProjectConfigurationPlatforms) = postSolution
		{BAD55A2F-322C-4989-9404-439F2C37B6D0}.Debug|Any CPU.ActiveCfg = Debug|Any CPU
		{BAD55A2F-322C-4989-9404-439F2C37B6D0}.Debug|Any CPU.Build.0 = Debug|Any CPU
		{BAD55A2F-322C-4989-9404-439F2C37B6D0}.Release|Any CPU.ActiveCfg = Release|Any CPU
		{BAD55A2F-322C-4989-9404-439F2C37B6D0}.Release|Any CPU.Build.0 = Release|Any CPU
	EndGlobalSection
	GlobalSection(SolutionProperties) = preSolution
		HideSolutionNode = FALSE
	EndGlobalSection
	GlobalSection(ExtensibilityGlobals) = postSolution
		SolutionGuid = {88887B47-1DFC-4A72-9F31-5000FB3FE742}
	EndGlobalSection
EndGlobal
