
Microsoft Visual Studio Solution File, Format Version 12.00
# Visual Studio Version 16
VisualStudioVersion = 16.0.31129.286
MinimumVisualStudioVersion = 10.0.40219.1
Project("{FAE04EC0-301F-11D3-BF4B-00C04F79EFBC}") = "Assignment", "Assignment\Assignment.csproj", "{A90651CD-D378-47CE-95A0-D5C1D6C20F63}"
EndProject
Project("{FAE04EC0-301F-11D3-BF4B-00C04F79EFBC}") = "LamdaFunction", "LamdaFunction\LamdaFunction.csproj", "{6F05C3AE-CB54-400F-B511-021162E86B34}"
EndProject
Global
	GlobalSection(SolutionConfigurationPlatforms) = preSolution
		Debug|Any CPU = Debug|Any CPU
		Release|Any CPU = Release|Any CPU
	EndGlobalSection
	GlobalSection(ProjectConfigurationPlatforms) = postSolution
		{A90651CD-D378-47CE-95A0-D5C1D6C20F63}.Debug|Any CPU.ActiveCfg = Debug|Any CPU
		{A90651CD-D378-47CE-95A0-D5C1D6C20F63}.Debug|Any CPU.Build.0 = Debug|Any CPU
		{A90651CD-D378-47CE-95A0-D5C1D6C20F63}.Release|Any CPU.ActiveCfg = Release|Any CPU
		{A90651CD-D378-47CE-95A0-D5C1D6C20F63}.Release|Any CPU.Build.0 = Release|Any CPU
		{6F05C3AE-CB54-400F-B511-021162E86B34}.Debug|Any CPU.ActiveCfg = Debug|Any CPU
		{6F05C3AE-CB54-400F-B511-021162E86B34}.Debug|Any CPU.Build.0 = Debug|Any CPU
		{6F05C3AE-CB54-400F-B511-021162E86B34}.Release|Any CPU.ActiveCfg = Release|Any CPU
		{6F05C3AE-CB54-400F-B511-021162E86B34}.Release|Any CPU.Build.0 = Release|Any CPU
	EndGlobalSection
	GlobalSection(SolutionProperties) = preSolution
		HideSolutionNode = FALSE
	EndGlobalSection
	GlobalSection(ExtensibilityGlobals) = postSolution
		SolutionGuid = {0DB9E641-641A-4F96-A983-8E991CC98868}
	EndGlobalSection
EndGlobal
