
Microsoft Visual Studio Solution File, Format Version 12.00
# Visual Studio Version 16
VisualStudioVersion = 16.0.31129.286
MinimumVisualStudioVersion = 10.0.40219.1
Project("{FAE04EC0-301F-11D3-BF4B-00C04F79EFBC}") = "AssignmentDay3", "AssignmentDay3\AssignmentDay3.csproj", "{1E7909E7-5C33-438D-A1BD-97B4FF2A70BD}"
EndProject
Global
	GlobalSection(SolutionConfigurationPlatforms) = preSolution
		Debug|Any CPU = Debug|Any CPU
		Release|Any CPU = Release|Any CPU
	EndGlobalSection
	GlobalSection(ProjectConfigurationPlatforms) = postSolution
		{1E7909E7-5C33-438D-A1BD-97B4FF2A70BD}.Debug|Any CPU.ActiveCfg = Debug|Any CPU
		{1E7909E7-5C33-438D-A1BD-97B4FF2A70BD}.Debug|Any CPU.Build.0 = Debug|Any CPU
		{1E7909E7-5C33-438D-A1BD-97B4FF2A70BD}.Release|Any CPU.ActiveCfg = Release|Any CPU
		{1E7909E7-5C33-438D-A1BD-97B4FF2A70BD}.Release|Any CPU.Build.0 = Release|Any CPU
	EndGlobalSection
	GlobalSection(SolutionProperties) = preSolution
		HideSolutionNode = FALSE
	EndGlobalSection
	GlobalSection(ExtensibilityGlobals) = postSolution
		SolutionGuid = {55C8C73C-4C0D-4ABC-8B7C-DFE7DE5954AA}
	EndGlobalSection
EndGlobal
