
Microsoft Visual Studio Solution File, Format Version 12.00
# Visual Studio Version 16
VisualStudioVersion = 16.0.31129.286
MinimumVisualStudioVersion = 10.0.40219.1
Project("{FAE04EC0-301F-11D3-BF4B-00C04F79EFBC}") = "day7Practice", "day7Practice\day7Practice.csproj", "{55A311F9-A2AA-4B7C-8A04-39065F9CD4D8}"
EndProject
Global
	GlobalSection(SolutionConfigurationPlatforms) = preSolution
		Debug|Any CPU = Debug|Any CPU
		Release|Any CPU = Release|Any CPU
	EndGlobalSection
	GlobalSection(ProjectConfigurationPlatforms) = postSolution
		{55A311F9-A2AA-4B7C-8A04-39065F9CD4D8}.Debug|Any CPU.ActiveCfg = Debug|Any CPU
		{55A311F9-A2AA-4B7C-8A04-39065F9CD4D8}.Debug|Any CPU.Build.0 = Debug|Any CPU
		{55A311F9-A2AA-4B7C-8A04-39065F9CD4D8}.Release|Any CPU.ActiveCfg = Release|Any CPU
		{55A311F9-A2AA-4B7C-8A04-39065F9CD4D8}.Release|Any CPU.Build.0 = Release|Any CPU
	EndGlobalSection
	GlobalSection(SolutionProperties) = preSolution
		HideSolutionNode = FALSE
	EndGlobalSection
	GlobalSection(ExtensibilityGlobals) = postSolution
		SolutionGuid = {BFD96A0A-13CE-411A-892E-6A4E2CE3C2D4}
	EndGlobalSection
EndGlobal
