
Microsoft Visual Studio Solution File, Format Version 12.00
# Visual Studio Version 16
VisualStudioVersion = 16.0.31129.286
MinimumVisualStudioVersion = 10.0.40219.1
Project("{FAE04EC0-301F-11D3-BF4B-00C04F79EFBC}") = "AsyncBreakfast", "AsyncBreakfast\AsyncBreakfast.csproj", "{80DA809A-51B4-499B-AE1C-5EC9C4F67275}"
EndProject
Global
	GlobalSection(SolutionConfigurationPlatforms) = preSolution
		Debug|Any CPU = Debug|Any CPU
		Release|Any CPU = Release|Any CPU
	EndGlobalSection
	GlobalSection(ProjectConfigurationPlatforms) = postSolution
		{80DA809A-51B4-499B-AE1C-5EC9C4F67275}.Debug|Any CPU.ActiveCfg = Debug|Any CPU
		{80DA809A-51B4-499B-AE1C-5EC9C4F67275}.Debug|Any CPU.Build.0 = Debug|Any CPU
		{80DA809A-51B4-499B-AE1C-5EC9C4F67275}.Release|Any CPU.ActiveCfg = Release|Any CPU
		{80DA809A-51B4-499B-AE1C-5EC9C4F67275}.Release|Any CPU.Build.0 = Release|Any CPU
	EndGlobalSection
	GlobalSection(SolutionProperties) = preSolution
		HideSolutionNode = FALSE
	EndGlobalSection
	GlobalSection(ExtensibilityGlobals) = postSolution
		SolutionGuid = {0D2960FF-EEBA-435D-9E35-6D16E271D300}
	EndGlobalSection
EndGlobal
