
Microsoft Visual Studio Solution File, Format Version 12.00
# Visual Studio Version 16
VisualStudioVersion = 16.0.31129.286
MinimumVisualStudioVersion = 10.0.40219.1
Project("{FAE04EC0-301F-11D3-BF4B-00C04F79EFBC}") = "AssignmentDay4", "AssignmentDay4\AssignmentDay4.csproj", "{B585F61E-EE83-45E1-8EF5-85C67AC4875D}"
EndProject
Global
	GlobalSection(SolutionConfigurationPlatforms) = preSolution
		Debug|Any CPU = Debug|Any CPU
		Release|Any CPU = Release|Any CPU
	EndGlobalSection
	GlobalSection(ProjectConfigurationPlatforms) = postSolution
		{B585F61E-EE83-45E1-8EF5-85C67AC4875D}.Debug|Any CPU.ActiveCfg = Debug|Any CPU
		{B585F61E-EE83-45E1-8EF5-85C67AC4875D}.Debug|Any CPU.Build.0 = Debug|Any CPU
		{B585F61E-EE83-45E1-8EF5-85C67AC4875D}.Release|Any CPU.ActiveCfg = Release|Any CPU
		{B585F61E-EE83-45E1-8EF5-85C67AC4875D}.Release|Any CPU.Build.0 = Release|Any CPU
	EndGlobalSection
	GlobalSection(SolutionProperties) = preSolution
		HideSolutionNode = FALSE
	EndGlobalSection
	GlobalSection(ExtensibilityGlobals) = postSolution
		SolutionGuid = {8736C5AC-9C1E-4184-969E-767E21DCEE85}
	EndGlobalSection
EndGlobal
