
Microsoft Visual Studio Solution File, Format Version 12.00
# Visual Studio Version 16
VisualStudioVersion = 16.0.31129.286
MinimumVisualStudioVersion = 10.0.40219.1
Project("{FAE04EC0-301F-11D3-BF4B-00C04F79EFBC}") = "PracticeDay2", "PracticeDay2\PracticeDay2.csproj", "{CC46D2BF-050C-4174-AB02-6E57ED2626DC}"
EndProject
Global
	GlobalSection(SolutionConfigurationPlatforms) = preSolution
		Debug|Any CPU = Debug|Any CPU
		Release|Any CPU = Release|Any CPU
	EndGlobalSection
	GlobalSection(ProjectConfigurationPlatforms) = postSolution
		{CC46D2BF-050C-4174-AB02-6E57ED2626DC}.Debug|Any CPU.ActiveCfg = Debug|Any CPU
		{CC46D2BF-050C-4174-AB02-6E57ED2626DC}.Debug|Any CPU.Build.0 = Debug|Any CPU
		{CC46D2BF-050C-4174-AB02-6E57ED2626DC}.Release|Any CPU.ActiveCfg = Release|Any CPU
		{CC46D2BF-050C-4174-AB02-6E57ED2626DC}.Release|Any CPU.Build.0 = Release|Any CPU
	EndGlobalSection
	GlobalSection(SolutionProperties) = preSolution
		HideSolutionNode = FALSE
	EndGlobalSection
	GlobalSection(ExtensibilityGlobals) = postSolution
		SolutionGuid = {831C394E-F2E0-4119-AE87-587F5C665BB3}
	EndGlobalSection
EndGlobal
