
Microsoft Visual Studio Solution File, Format Version 12.00
# Visual Studio Version 16
VisualStudioVersion = 16.0.31129.286
MinimumVisualStudioVersion = 10.0.40219.1
Project("{FAE04EC0-301F-11D3-BF4B-00C04F79EFBC}") = "AssignmentDay17", "AssignmentDay17\AssignmentDay17.csproj", "{74B7E34F-A682-47C1-B15A-9A9412991208}"
EndProject
Global
	GlobalSection(SolutionConfigurationPlatforms) = preSolution
		Debug|Any CPU = Debug|Any CPU
		Release|Any CPU = Release|Any CPU
	EndGlobalSection
	GlobalSection(ProjectConfigurationPlatforms) = postSolution
		{74B7E34F-A682-47C1-B15A-9A9412991208}.Debug|Any CPU.ActiveCfg = Debug|Any CPU
		{74B7E34F-A682-47C1-B15A-9A9412991208}.Debug|Any CPU.Build.0 = Debug|Any CPU
		{74B7E34F-A682-47C1-B15A-9A9412991208}.Release|Any CPU.ActiveCfg = Release|Any CPU
		{74B7E34F-A682-47C1-B15A-9A9412991208}.Release|Any CPU.Build.0 = Release|Any CPU
	EndGlobalSection
	GlobalSection(SolutionProperties) = preSolution
		HideSolutionNode = FALSE
	EndGlobalSection
	GlobalSection(ExtensibilityGlobals) = postSolution
		SolutionGuid = {4749A5FA-ABAF-4CC7-9D38-D5E42AEAE975}
	EndGlobalSection
EndGlobal
