
Microsoft Visual Studio Solution File, Format Version 12.00
# Visual Studio Version 16
VisualStudioVersion = 16.0.31129.286
MinimumVisualStudioVersion = 10.0.40219.1
Project("{FAE04EC0-301F-11D3-BF4B-00C04F79EFBC}") = "day17Practice", "day17Practice\day17Practice.csproj", "{734E0170-CD5D-45ED-A992-4A97CA27B7E0}"
EndProject
Global
	GlobalSection(SolutionConfigurationPlatforms) = preSolution
		Debug|Any CPU = Debug|Any CPU
		Release|Any CPU = Release|Any CPU
	EndGlobalSection
	GlobalSection(ProjectConfigurationPlatforms) = postSolution
		{734E0170-CD5D-45ED-A992-4A97CA27B7E0}.Debug|Any CPU.ActiveCfg = Debug|Any CPU
		{734E0170-CD5D-45ED-A992-4A97CA27B7E0}.Debug|Any CPU.Build.0 = Debug|Any CPU
		{734E0170-CD5D-45ED-A992-4A97CA27B7E0}.Release|Any CPU.ActiveCfg = Release|Any CPU
		{734E0170-CD5D-45ED-A992-4A97CA27B7E0}.Release|Any CPU.Build.0 = Release|Any CPU
	EndGlobalSection
	GlobalSection(SolutionProperties) = preSolution
		HideSolutionNode = FALSE
	EndGlobalSection
	GlobalSection(ExtensibilityGlobals) = postSolution
		SolutionGuid = {501A676B-6079-4BED-885E-516F98044C43}
	EndGlobalSection
EndGlobal
