
Microsoft Visual Studio Solution File, Format Version 12.00
# Visual Studio Version 16
VisualStudioVersion = 16.0.31129.286
MinimumVisualStudioVersion = 10.0.40219.1
Project("{FAE04EC0-301F-11D3-BF4B-00C04F79EFBC}") = "day12Assignment", "day12Assignment\day12Assignment.csproj", "{47555446-A248-4ABA-88B3-C5A217DF8DE9}"
EndProject
Global
	GlobalSection(SolutionConfigurationPlatforms) = preSolution
		Debug|Any CPU = Debug|Any CPU
		Release|Any CPU = Release|Any CPU
	EndGlobalSection
	GlobalSection(ProjectConfigurationPlatforms) = postSolution
		{47555446-A248-4ABA-88B3-C5A217DF8DE9}.Debug|Any CPU.ActiveCfg = Debug|Any CPU
		{47555446-A248-4ABA-88B3-C5A217DF8DE9}.Debug|Any CPU.Build.0 = Debug|Any CPU
		{47555446-A248-4ABA-88B3-C5A217DF8DE9}.Release|Any CPU.ActiveCfg = Release|Any CPU
		{47555446-A248-4ABA-88B3-C5A217DF8DE9}.Release|Any CPU.Build.0 = Release|Any CPU
	EndGlobalSection
	GlobalSection(SolutionProperties) = preSolution
		HideSolutionNode = FALSE
	EndGlobalSection
	GlobalSection(ExtensibilityGlobals) = postSolution
		SolutionGuid = {99E202E5-0870-40F6-A10B-B9F5D98EE30D}
	EndGlobalSection
EndGlobal
