
Microsoft Visual Studio Solution File, Format Version 12.00
# Visual Studio Version 16
VisualStudioVersion = 16.0.31129.286
MinimumVisualStudioVersion = 10.0.40219.1
Project("{FAE04EC0-301F-11D3-BF4B-00C04F79EFBC}") = "QuickDate1", "QuickDate1\QuickDate1.csproj", "{B7688FFB-AB15-4401-B324-19D209F1DD82}"
EndProject
Project("{FAE04EC0-301F-11D3-BF4B-00C04F79EFBC}") = "QuickTest", "QuickTest\QuickTest.csproj", "{EFF7ED0D-B9FC-48B4-B3CE-98FA7665E6FB}"
EndProject
Global
	GlobalSection(SolutionConfigurationPlatforms) = preSolution
		Debug|Any CPU = Debug|Any CPU
		Release|Any CPU = Release|Any CPU
	EndGlobalSection
	GlobalSection(ProjectConfigurationPlatforms) = postSolution
		{B7688FFB-AB15-4401-B324-19D209F1DD82}.Debug|Any CPU.ActiveCfg = Debug|Any CPU
		{B7688FFB-AB15-4401-B324-19D209F1DD82}.Debug|Any CPU.Build.0 = Debug|Any CPU
		{B7688FFB-AB15-4401-B324-19D209F1DD82}.Release|Any CPU.ActiveCfg = Release|Any CPU
		{B7688FFB-AB15-4401-B324-19D209F1DD82}.Release|Any CPU.Build.0 = Release|Any CPU
		{EFF7ED0D-B9FC-48B4-B3CE-98FA7665E6FB}.Debug|Any CPU.ActiveCfg = Debug|Any CPU
		{EFF7ED0D-B9FC-48B4-B3CE-98FA7665E6FB}.Debug|Any CPU.Build.0 = Debug|Any CPU
		{EFF7ED0D-B9FC-48B4-B3CE-98FA7665E6FB}.Release|Any CPU.ActiveCfg = Release|Any CPU
		{EFF7ED0D-B9FC-48B4-B3CE-98FA7665E6FB}.Release|Any CPU.Build.0 = Release|Any CPU
	EndGlobalSection
	GlobalSection(SolutionProperties) = preSolution
		HideSolutionNode = FALSE
	EndGlobalSection
	GlobalSection(ExtensibilityGlobals) = postSolution
		SolutionGuid = {A3FD2FB6-F5C1-40A7-AC00-BD6343643F98}
	EndGlobalSection
EndGlobal
