
Microsoft Visual Studio Solution File, Format Version 12.00
# Visual Studio Version 16
VisualStudioVersion = 16.0.31129.286
MinimumVisualStudioVersion = 10.0.40219.1
Project("{FAE04EC0-301F-11D3-BF4B-00C04F79EFBC}") = "Numbers", "Numbers\Numbers.csproj", "{223F9E1B-B45C-4B6B-90C4-6A77C4B9B9F4}"
EndProject
Global
	GlobalSection(SolutionConfigurationPlatforms) = preSolution
		Debug|Any CPU = Debug|Any CPU
		Release|Any CPU = Release|Any CPU
	EndGlobalSection
	GlobalSection(ProjectConfigurationPlatforms) = postSolution
		{223F9E1B-B45C-4B6B-90C4-6A77C4B9B9F4}.Debug|Any CPU.ActiveCfg = Debug|Any CPU
		{223F9E1B-B45C-4B6B-90C4-6A77C4B9B9F4}.Debug|Any CPU.Build.0 = Debug|Any CPU
		{223F9E1B-B45C-4B6B-90C4-6A77C4B9B9F4}.Release|Any CPU.ActiveCfg = Release|Any CPU
		{223F9E1B-B45C-4B6B-90C4-6A77C4B9B9F4}.Release|Any CPU.Build.0 = Release|Any CPU
	EndGlobalSection
	GlobalSection(SolutionProperties) = preSolution
		HideSolutionNode = FALSE
	EndGlobalSection
	GlobalSection(ExtensibilityGlobals) = postSolution
		SolutionGuid = {D9DC80A5-EBFE-42F7-9ECE-F6655069B090}
	EndGlobalSection
EndGlobal
