
Microsoft Visual Studio Solution File, Format Version 12.00
# Visual Studio Version 16
VisualStudioVersion = 16.0.31129.286
MinimumVisualStudioVersion = 10.0.40219.1
Project("{FAE04EC0-301F-11D3-BF4B-00C04F79EFBC}") = "Person", "Person\Person.csproj", "{EF25E498-1FC5-4597-A65C-ACF677BBC14C}"
EndProject
Global
	GlobalSection(SolutionConfigurationPlatforms) = preSolution
		Debug|Any CPU = Debug|Any CPU
		Release|Any CPU = Release|Any CPU
	EndGlobalSection
	GlobalSection(ProjectConfigurationPlatforms) = postSolution
		{EF25E498-1FC5-4597-A65C-ACF677BBC14C}.Debug|Any CPU.ActiveCfg = Debug|Any CPU
		{EF25E498-1FC5-4597-A65C-ACF677BBC14C}.Debug|Any CPU.Build.0 = Debug|Any CPU
		{EF25E498-1FC5-4597-A65C-ACF677BBC14C}.Release|Any CPU.ActiveCfg = Release|Any CPU
		{EF25E498-1FC5-4597-A65C-ACF677BBC14C}.Release|Any CPU.Build.0 = Release|Any CPU
	EndGlobalSection
	GlobalSection(SolutionProperties) = preSolution
		HideSolutionNode = FALSE
	EndGlobalSection
	GlobalSection(ExtensibilityGlobals) = postSolution
		SolutionGuid = {E91F08E5-1A2E-47BF-A218-3099F727F3B1}
	EndGlobalSection
EndGlobal
