
Microsoft Visual Studio Solution File, Format Version 12.00
# Visual Studio Version 16
VisualStudioVersion = 16.0.31129.286
MinimumVisualStudioVersion = 10.0.40219.1
Project("{FAE04EC0-301F-11D3-BF4B-00C04F79EFBC}") = "Eligible", "Eligible\Eligible.csproj", "{C24535E1-9F50-49BD-A2C3-1DD3F7476D1D}"
EndProject
Global
	GlobalSection(SolutionConfigurationPlatforms) = preSolution
		Debug|Any CPU = Debug|Any CPU
		Release|Any CPU = Release|Any CPU
	EndGlobalSection
	GlobalSection(ProjectConfigurationPlatforms) = postSolution
		{C24535E1-9F50-49BD-A2C3-1DD3F7476D1D}.Debug|Any CPU.ActiveCfg = Debug|Any CPU
		{C24535E1-9F50-49BD-A2C3-1DD3F7476D1D}.Debug|Any CPU.Build.0 = Debug|Any CPU
		{C24535E1-9F50-49BD-A2C3-1DD3F7476D1D}.Release|Any CPU.ActiveCfg = Release|Any CPU
		{C24535E1-9F50-49BD-A2C3-1DD3F7476D1D}.Release|Any CPU.Build.0 = Release|Any CPU
	EndGlobalSection
	GlobalSection(SolutionProperties) = preSolution
		HideSolutionNode = FALSE
	EndGlobalSection
	GlobalSection(ExtensibilityGlobals) = postSolution
		SolutionGuid = {794CE46A-4CEC-45C6-A091-FDFF7E99AD54}
	EndGlobalSection
EndGlobal
