
Microsoft Visual Studio Solution File, Format Version 12.00
# Visual Studio Version 16
VisualStudioVersion = 16.0.31129.286
MinimumVisualStudioVersion = 10.0.40219.1
Project("{FAE04EC0-301F-11D3-BF4B-00C04F79EFBC}") = "VowelChar", "VowelChar\VowelChar.csproj", "{41ADC840-069B-4AB6-948D-DE31E5CC6768}"
EndProject
Global
	GlobalSection(SolutionConfigurationPlatforms) = preSolution
		Debug|Any CPU = Debug|Any CPU
		Release|Any CPU = Release|Any CPU
	EndGlobalSection
	GlobalSection(ProjectConfigurationPlatforms) = postSolution
		{41ADC840-069B-4AB6-948D-DE31E5CC6768}.Debug|Any CPU.ActiveCfg = Debug|Any CPU
		{41ADC840-069B-4AB6-948D-DE31E5CC6768}.Debug|Any CPU.Build.0 = Debug|Any CPU
		{41ADC840-069B-4AB6-948D-DE31E5CC6768}.Release|Any CPU.ActiveCfg = Release|Any CPU
		{41ADC840-069B-4AB6-948D-DE31E5CC6768}.Release|Any CPU.Build.0 = Release|Any CPU
	EndGlobalSection
	GlobalSection(SolutionProperties) = preSolution
		HideSolutionNode = FALSE
	EndGlobalSection
	GlobalSection(ExtensibilityGlobals) = postSolution
		SolutionGuid = {DA92C933-1179-4374-978C-DBC17B51F77C}
	EndGlobalSection
EndGlobal
