
Microsoft Visual Studio Solution File, Format Version 12.00
# Visual Studio Version 16
VisualStudioVersion = 16.0.31129.286
MinimumVisualStudioVersion = 10.0.40219.1
Project("{FAE04EC0-301F-11D3-BF4B-00C04F79EFBC}") = "IsEligible", "IsEligible\IsEligible.csproj", "{0417317B-EB4C-4E00-A70A-84A31367E0A9}"
EndProject
Global
	GlobalSection(SolutionConfigurationPlatforms) = preSolution
		Debug|Any CPU = Debug|Any CPU
		Release|Any CPU = Release|Any CPU
	EndGlobalSection
	GlobalSection(ProjectConfigurationPlatforms) = postSolution
		{0417317B-EB4C-4E00-A70A-84A31367E0A9}.Debug|Any CPU.ActiveCfg = Debug|Any CPU
		{0417317B-EB4C-4E00-A70A-84A31367E0A9}.Debug|Any CPU.Build.0 = Debug|Any CPU
		{0417317B-EB4C-4E00-A70A-84A31367E0A9}.Release|Any CPU.ActiveCfg = Release|Any CPU
		{0417317B-EB4C-4E00-A70A-84A31367E0A9}.Release|Any CPU.Build.0 = Release|Any CPU
	EndGlobalSection
	GlobalSection(SolutionProperties) = preSolution
		HideSolutionNode = FALSE
	EndGlobalSection
	GlobalSection(ExtensibilityGlobals) = postSolution
		SolutionGuid = {A850371B-C0F7-4CA2-B5F5-040DCBED79C8}
	EndGlobalSection
EndGlobal
